
Microsoft Visual Studio Solution File, Format Version 12.00
Project("{FAE04EC0-301F-11D3-BF4B-00C04F79EFBC}") = "Factory", "src\Factory\Factory.csproj", "{129317DC-33BB-4875-BFD4-7E8A7C93D333}"
EndProject
Project("{2150E333-8FDC-42A3-9474-1A3956D46DE8}") = "src", "src", "{01B61FE6-9ACB-4470-A2CB-176B4F50457F}"
EndProject
Global
	GlobalSection(SolutionConfigurationPlatforms) = preSolution
		Debug|Any CPU = Debug|Any CPU
		Release|Any CPU = Release|Any CPU
	EndGlobalSection
	GlobalSection(NestedProjects) = preSolution
		{129317DC-33BB-4875-BFD4-7E8A7C93D333} = {01B61FE6-9ACB-4470-A2CB-176B4F50457F}
	EndGlobalSection
	GlobalSection(ProjectConfigurationPlatforms) = postSolution
		{129317DC-33BB-4875-BFD4-7E8A7C93D333}.Debug|Any CPU.ActiveCfg = Debug|Any CPU
		{129317DC-33BB-4875-BFD4-7E8A7C93D333}.Debug|Any CPU.Build.0 = Debug|Any CPU
		{129317DC-33BB-4875-BFD4-7E8A7C93D333}.Release|Any CPU.ActiveCfg = Release|Any CPU
		{129317DC-33BB-4875-BFD4-7E8A7C93D333}.Release|Any CPU.Build.0 = Release|Any CPU
	EndGlobalSection
EndGlobal
